
Microsoft Visual Studio Solution File, Format Version 12.00
# Visual Studio Version 17
VisualStudioVersion = 17.4.33205.214
MinimumVisualStudioVersion = 10.0.40219.1
Project("{8BC9CEB8-8B4A-11D0-8D11-00A0C91BC942}") = "Queun", "Queun.vcxproj", "{E9D4D284-929B-4E6E-B48B-5A16DF36F3FD}"
EndProject
Global
	GlobalSection(SolutionConfigurationPlatforms) = preSolution
		Debug|x64 = Debug|x64
		Debug|x86 = Debug|x86
		Release|x64 = Release|x64
		Release|x86 = Release|x86
	EndGlobalSection
	GlobalSection(ProjectConfigurationPlatforms) = postSolution
		{E9D4D284-929B-4E6E-B48B-5A16DF36F3FD}.Debug|x64.ActiveCfg = Debug|x64
		{E9D4D284-929B-4E6E-B48B-5A16DF36F3FD}.Debug|x64.Build.0 = Debug|x64
		{E9D4D284-929B-4E6E-B48B-5A16DF36F3FD}.Debug|x86.ActiveCfg = Debug|Win32
		{E9D4D284-929B-4E6E-B48B-5A16DF36F3FD}.Debug|x86.Build.0 = Debug|Win32
		{E9D4D284-929B-4E6E-B48B-5A16DF36F3FD}.Release|x64.ActiveCfg = Release|x64
		{E9D4D284-929B-4E6E-B48B-5A16DF36F3FD}.Release|x64.Build.0 = Release|x64
		{E9D4D284-929B-4E6E-B48B-5A16DF36F3FD}.Release|x86.ActiveCfg = Release|Win32
		{E9D4D284-929B-4E6E-B48B-5A16DF36F3FD}.Release|x86.Build.0 = Release|Win32
	EndGlobalSection
	GlobalSection(SolutionProperties) = preSolution
		HideSolutionNode = FALSE
	EndGlobalSection
	GlobalSection(ExtensibilityGlobals) = postSolution
		SolutionGuid = {D785B8FA-F55D-4AFA-9C0D-09280D4BBD09}
	EndGlobalSection
EndGlobal
