
Microsoft Visual Studio Solution File, Format Version 12.00
# Visual Studio Version 17
VisualStudioVersion = 17.4.33110.190
MinimumVisualStudioVersion = 10.0.40219.1
Project("{8BC9CEB8-8B4A-11D0-8D11-00A0C91BC942}") = "有序序列插入一个数", "有序序列插入一个数.vcxproj", "{1993D307-C0E4-41E6-88E9-234E0255E9AB}"
EndProject
Global
	GlobalSection(SolutionConfigurationPlatforms) = preSolution
		Debug|x64 = Debug|x64
		Debug|x86 = Debug|x86
		Release|x64 = Release|x64
		Release|x86 = Release|x86
	EndGlobalSection
	GlobalSection(ProjectConfigurationPlatforms) = postSolution
		{1993D307-C0E4-41E6-88E9-234E0255E9AB}.Debug|x64.ActiveCfg = Debug|x64
		{1993D307-C0E4-41E6-88E9-234E0255E9AB}.Debug|x64.Build.0 = Debug|x64
		{1993D307-C0E4-41E6-88E9-234E0255E9AB}.Debug|x86.ActiveCfg = Debug|Win32
		{1993D307-C0E4-41E6-88E9-234E0255E9AB}.Debug|x86.Build.0 = Debug|Win32
		{1993D307-C0E4-41E6-88E9-234E0255E9AB}.Release|x64.ActiveCfg = Release|x64
		{1993D307-C0E4-41E6-88E9-234E0255E9AB}.Release|x64.Build.0 = Release|x64
		{1993D307-C0E4-41E6-88E9-234E0255E9AB}.Release|x86.ActiveCfg = Release|Win32
		{1993D307-C0E4-41E6-88E9-234E0255E9AB}.Release|x86.Build.0 = Release|Win32
	EndGlobalSection
	GlobalSection(SolutionProperties) = preSolution
		HideSolutionNode = FALSE
	EndGlobalSection
	GlobalSection(ExtensibilityGlobals) = postSolution
		SolutionGuid = {F943406E-BEBA-475B-A0AD-FB372637B957}
	EndGlobalSection
EndGlobal
