
Microsoft Visual Studio Solution File, Format Version 12.00
# Visual Studio Version 17
VisualStudioVersion = 17.5.33530.505
MinimumVisualStudioVersion = 10.0.40219.1
Project("{8BC9CEB8-8B4A-11D0-8D11-00A0C91BC942}") = "PTA 7-15 计算圆周率", "PTA 7-15 计算圆周率.vcxproj", "{54ACBBA0-5C28-4CAE-9523-79F5337E0DC5}"
EndProject
Global
	GlobalSection(SolutionConfigurationPlatforms) = preSolution
		Debug|x64 = Debug|x64
		Debug|x86 = Debug|x86
		Release|x64 = Release|x64
		Release|x86 = Release|x86
	EndGlobalSection
	GlobalSection(ProjectConfigurationPlatforms) = postSolution
		{54ACBBA0-5C28-4CAE-9523-79F5337E0DC5}.Debug|x64.ActiveCfg = Debug|x64
		{54ACBBA0-5C28-4CAE-9523-79F5337E0DC5}.Debug|x64.Build.0 = Debug|x64
		{54ACBBA0-5C28-4CAE-9523-79F5337E0DC5}.Debug|x86.ActiveCfg = Debug|Win32
		{54ACBBA0-5C28-4CAE-9523-79F5337E0DC5}.Debug|x86.Build.0 = Debug|Win32
		{54ACBBA0-5C28-4CAE-9523-79F5337E0DC5}.Release|x64.ActiveCfg = Release|x64
		{54ACBBA0-5C28-4CAE-9523-79F5337E0DC5}.Release|x64.Build.0 = Release|x64
		{54ACBBA0-5C28-4CAE-9523-79F5337E0DC5}.Release|x86.ActiveCfg = Release|Win32
		{54ACBBA0-5C28-4CAE-9523-79F5337E0DC5}.Release|x86.Build.0 = Release|Win32
	EndGlobalSection
	GlobalSection(SolutionProperties) = preSolution
		HideSolutionNode = FALSE
	EndGlobalSection
	GlobalSection(ExtensibilityGlobals) = postSolution
		SolutionGuid = {F060310E-EF49-4BB9-BC72-687BFCADF3D2}
	EndGlobalSection
EndGlobal
