
Microsoft Visual Studio Solution File, Format Version 12.00
# Visual Studio Version 17
VisualStudioVersion = 17.4.33213.308
MinimumVisualStudioVersion = 10.0.40219.1
Project("{8BC9CEB8-8B4A-11D0-8D11-00A0C91BC942}") = "Project2", "Project2.vcxproj", "{ADB071E5-770B-4E1C-A776-333CF1FB5011}"
EndProject
Global
	GlobalSection(SolutionConfigurationPlatforms) = preSolution
		Debug|x64 = Debug|x64
		Debug|x86 = Debug|x86
		Release|x64 = Release|x64
		Release|x86 = Release|x86
	EndGlobalSection
	GlobalSection(ProjectConfigurationPlatforms) = postSolution
		{ADB071E5-770B-4E1C-A776-333CF1FB5011}.Debug|x64.ActiveCfg = Debug|x64
		{ADB071E5-770B-4E1C-A776-333CF1FB5011}.Debug|x64.Build.0 = Debug|x64
		{ADB071E5-770B-4E1C-A776-333CF1FB5011}.Debug|x86.ActiveCfg = Debug|Win32
		{ADB071E5-770B-4E1C-A776-333CF1FB5011}.Debug|x86.Build.0 = Debug|Win32
		{ADB071E5-770B-4E1C-A776-333CF1FB5011}.Release|x64.ActiveCfg = Release|x64
		{ADB071E5-770B-4E1C-A776-333CF1FB5011}.Release|x64.Build.0 = Release|x64
		{ADB071E5-770B-4E1C-A776-333CF1FB5011}.Release|x86.ActiveCfg = Release|Win32
		{ADB071E5-770B-4E1C-A776-333CF1FB5011}.Release|x86.Build.0 = Release|Win32
	EndGlobalSection
	GlobalSection(SolutionProperties) = preSolution
		HideSolutionNode = FALSE
	EndGlobalSection
	GlobalSection(ExtensibilityGlobals) = postSolution
		SolutionGuid = {168F2201-2128-4C04-819A-D226340750ED}
	EndGlobalSection
EndGlobal
