
Microsoft Visual Studio Solution File, Format Version 12.00
# Visual Studio Version 17
VisualStudioVersion = 17.4.33403.182
MinimumVisualStudioVersion = 10.0.40219.1
Project("{8BC9CEB8-8B4A-11D0-8D11-00A0C91BC942}") = "Project1", "Project1.vcxproj", "{6987E4C4-2B66-4B49-BE96-26DEFB47BB75}"
EndProject
Global
	GlobalSection(SolutionConfigurationPlatforms) = preSolution
		Debug|x64 = Debug|x64
		Debug|x86 = Debug|x86
		Release|x64 = Release|x64
		Release|x86 = Release|x86
	EndGlobalSection
	GlobalSection(ProjectConfigurationPlatforms) = postSolution
		{6987E4C4-2B66-4B49-BE96-26DEFB47BB75}.Debug|x64.ActiveCfg = Debug|x64
		{6987E4C4-2B66-4B49-BE96-26DEFB47BB75}.Debug|x64.Build.0 = Debug|x64
		{6987E4C4-2B66-4B49-BE96-26DEFB47BB75}.Debug|x86.ActiveCfg = Debug|Win32
		{6987E4C4-2B66-4B49-BE96-26DEFB47BB75}.Debug|x86.Build.0 = Debug|Win32
		{6987E4C4-2B66-4B49-BE96-26DEFB47BB75}.Release|x64.ActiveCfg = Release|x64
		{6987E4C4-2B66-4B49-BE96-26DEFB47BB75}.Release|x64.Build.0 = Release|x64
		{6987E4C4-2B66-4B49-BE96-26DEFB47BB75}.Release|x86.ActiveCfg = Release|Win32
		{6987E4C4-2B66-4B49-BE96-26DEFB47BB75}.Release|x86.Build.0 = Release|Win32
	EndGlobalSection
	GlobalSection(SolutionProperties) = preSolution
		HideSolutionNode = FALSE
	EndGlobalSection
	GlobalSection(ExtensibilityGlobals) = postSolution
		SolutionGuid = {AD589725-3E53-4408-8039-17BE00737BC4}
	EndGlobalSection
EndGlobal
