
Microsoft Visual Studio Solution File, Format Version 12.00
# Visual Studio Version 17
VisualStudioVersion = 17.5.33516.290
MinimumVisualStudioVersion = 10.0.40219.1
Project("{8BC9CEB8-8B4A-11D0-8D11-00A0C91BC942}") = "Project1", "Project1.vcxproj", "{63ABE355-CFB3-4A4A-B115-C3E8B82F9526}"
EndProject
Global
	GlobalSection(SolutionConfigurationPlatforms) = preSolution
		Debug|x64 = Debug|x64
		Debug|x86 = Debug|x86
		Release|x64 = Release|x64
		Release|x86 = Release|x86
	EndGlobalSection
	GlobalSection(ProjectConfigurationPlatforms) = postSolution
		{63ABE355-CFB3-4A4A-B115-C3E8B82F9526}.Debug|x64.ActiveCfg = Debug|x64
		{63ABE355-CFB3-4A4A-B115-C3E8B82F9526}.Debug|x64.Build.0 = Debug|x64
		{63ABE355-CFB3-4A4A-B115-C3E8B82F9526}.Debug|x86.ActiveCfg = Debug|Win32
		{63ABE355-CFB3-4A4A-B115-C3E8B82F9526}.Debug|x86.Build.0 = Debug|Win32
		{63ABE355-CFB3-4A4A-B115-C3E8B82F9526}.Release|x64.ActiveCfg = Release|x64
		{63ABE355-CFB3-4A4A-B115-C3E8B82F9526}.Release|x64.Build.0 = Release|x64
		{63ABE355-CFB3-4A4A-B115-C3E8B82F9526}.Release|x86.ActiveCfg = Release|Win32
		{63ABE355-CFB3-4A4A-B115-C3E8B82F9526}.Release|x86.Build.0 = Release|Win32
	EndGlobalSection
	GlobalSection(SolutionProperties) = preSolution
		HideSolutionNode = FALSE
	EndGlobalSection
	GlobalSection(ExtensibilityGlobals) = postSolution
		SolutionGuid = {35588350-F00F-4F76-A44E-09FE1B8AB72D}
	EndGlobalSection
EndGlobal
