
Microsoft Visual Studio Solution File, Format Version 12.00
# Visual Studio Version 17
VisualStudioVersion = 17.6.33723.286
MinimumVisualStudioVersion = 10.0.40219.1
Project("{8BC9CEB8-8B4A-11D0-8D11-00A0C91BC942}") = "leetcode 144.二叉树的前序遍历", "leetcode 144.二叉树的前序遍历.vcxproj", "{81E33602-F641-4C2E-932B-CD228AC542E4}"
EndProject
Global
	GlobalSection(SolutionConfigurationPlatforms) = preSolution
		Debug|x64 = Debug|x64
		Debug|x86 = Debug|x86
		Release|x64 = Release|x64
		Release|x86 = Release|x86
	EndGlobalSection
	GlobalSection(ProjectConfigurationPlatforms) = postSolution
		{81E33602-F641-4C2E-932B-CD228AC542E4}.Debug|x64.ActiveCfg = Debug|x64
		{81E33602-F641-4C2E-932B-CD228AC542E4}.Debug|x64.Build.0 = Debug|x64
		{81E33602-F641-4C2E-932B-CD228AC542E4}.Debug|x86.ActiveCfg = Debug|Win32
		{81E33602-F641-4C2E-932B-CD228AC542E4}.Debug|x86.Build.0 = Debug|Win32
		{81E33602-F641-4C2E-932B-CD228AC542E4}.Release|x64.ActiveCfg = Release|x64
		{81E33602-F641-4C2E-932B-CD228AC542E4}.Release|x64.Build.0 = Release|x64
		{81E33602-F641-4C2E-932B-CD228AC542E4}.Release|x86.ActiveCfg = Release|Win32
		{81E33602-F641-4C2E-932B-CD228AC542E4}.Release|x86.Build.0 = Release|Win32
	EndGlobalSection
	GlobalSection(SolutionProperties) = preSolution
		HideSolutionNode = FALSE
	EndGlobalSection
	GlobalSection(ExtensibilityGlobals) = postSolution
		SolutionGuid = {556616BE-BAB5-4C49-AFA2-344ADA216D8E}
	EndGlobalSection
EndGlobal
