
Microsoft Visual Studio Solution File, Format Version 12.00
# Visual Studio Version 17
VisualStudioVersion = 17.3.32929.385
MinimumVisualStudioVersion = 10.0.40219.1
Project("{8BC9CEB8-8B4A-11D0-8D11-00A0C91BC942}") = "二进制中一的个数", "二进制中一的个数.vcxproj", "{C442E874-1D0C-4BA6-A7A0-8200656AD2CD}"
EndProject
Global
	GlobalSection(SolutionConfigurationPlatforms) = preSolution
		Debug|x64 = Debug|x64
		Debug|x86 = Debug|x86
		Release|x64 = Release|x64
		Release|x86 = Release|x86
	EndGlobalSection
	GlobalSection(ProjectConfigurationPlatforms) = postSolution
		{C442E874-1D0C-4BA6-A7A0-8200656AD2CD}.Debug|x64.ActiveCfg = Debug|x64
		{C442E874-1D0C-4BA6-A7A0-8200656AD2CD}.Debug|x64.Build.0 = Debug|x64
		{C442E874-1D0C-4BA6-A7A0-8200656AD2CD}.Debug|x86.ActiveCfg = Debug|Win32
		{C442E874-1D0C-4BA6-A7A0-8200656AD2CD}.Debug|x86.Build.0 = Debug|Win32
		{C442E874-1D0C-4BA6-A7A0-8200656AD2CD}.Release|x64.ActiveCfg = Release|x64
		{C442E874-1D0C-4BA6-A7A0-8200656AD2CD}.Release|x64.Build.0 = Release|x64
		{C442E874-1D0C-4BA6-A7A0-8200656AD2CD}.Release|x86.ActiveCfg = Release|Win32
		{C442E874-1D0C-4BA6-A7A0-8200656AD2CD}.Release|x86.Build.0 = Release|Win32
	EndGlobalSection
	GlobalSection(SolutionProperties) = preSolution
		HideSolutionNode = FALSE
	EndGlobalSection
	GlobalSection(ExtensibilityGlobals) = postSolution
		SolutionGuid = {C273F60C-C11A-4AFA-A0CF-C2046AFB2881}
	EndGlobalSection
EndGlobal
