
Microsoft Visual Studio Solution File, Format Version 12.00
# Visual Studio Version 17
VisualStudioVersion = 17.6.33723.286
MinimumVisualStudioVersion = 10.0.40219.1
Project("{8BC9CEB8-8B4A-11D0-8D11-00A0C91BC942}") = "PTA L1-022 奇偶分家", "PTA L1-022 奇偶分家.vcxproj", "{86EBCB0B-5325-496B-9D1E-EBED7F15DC78}"
EndProject
Global
	GlobalSection(SolutionConfigurationPlatforms) = preSolution
		Debug|x64 = Debug|x64
		Debug|x86 = Debug|x86
		Release|x64 = Release|x64
		Release|x86 = Release|x86
	EndGlobalSection
	GlobalSection(ProjectConfigurationPlatforms) = postSolution
		{86EBCB0B-5325-496B-9D1E-EBED7F15DC78}.Debug|x64.ActiveCfg = Debug|x64
		{86EBCB0B-5325-496B-9D1E-EBED7F15DC78}.Debug|x64.Build.0 = Debug|x64
		{86EBCB0B-5325-496B-9D1E-EBED7F15DC78}.Debug|x86.ActiveCfg = Debug|Win32
		{86EBCB0B-5325-496B-9D1E-EBED7F15DC78}.Debug|x86.Build.0 = Debug|Win32
		{86EBCB0B-5325-496B-9D1E-EBED7F15DC78}.Release|x64.ActiveCfg = Release|x64
		{86EBCB0B-5325-496B-9D1E-EBED7F15DC78}.Release|x64.Build.0 = Release|x64
		{86EBCB0B-5325-496B-9D1E-EBED7F15DC78}.Release|x86.ActiveCfg = Release|Win32
		{86EBCB0B-5325-496B-9D1E-EBED7F15DC78}.Release|x86.Build.0 = Release|Win32
	EndGlobalSection
	GlobalSection(SolutionProperties) = preSolution
		HideSolutionNode = FALSE
	EndGlobalSection
	GlobalSection(ExtensibilityGlobals) = postSolution
		SolutionGuid = {8F951D05-05F6-4AE2-84A1-24C4CEDADA84}
	EndGlobalSection
EndGlobal
