
Microsoft Visual Studio Solution File, Format Version 12.00
# Visual Studio Version 17
VisualStudioVersion = 17.5.33530.505
MinimumVisualStudioVersion = 10.0.40219.1
Project("{8BC9CEB8-8B4A-11D0-8D11-00A0C91BC942}") = "leetcode 26.删除有序数组中重复的项", "leetcode 26.删除有序数组中重复的项.vcxproj", "{373D67CD-1FE0-4AFA-9071-E35905A0858A}"
EndProject
Global
	GlobalSection(SolutionConfigurationPlatforms) = preSolution
		Debug|x64 = Debug|x64
		Debug|x86 = Debug|x86
		Release|x64 = Release|x64
		Release|x86 = Release|x86
	EndGlobalSection
	GlobalSection(ProjectConfigurationPlatforms) = postSolution
		{373D67CD-1FE0-4AFA-9071-E35905A0858A}.Debug|x64.ActiveCfg = Debug|x64
		{373D67CD-1FE0-4AFA-9071-E35905A0858A}.Debug|x64.Build.0 = Debug|x64
		{373D67CD-1FE0-4AFA-9071-E35905A0858A}.Debug|x86.ActiveCfg = Debug|Win32
		{373D67CD-1FE0-4AFA-9071-E35905A0858A}.Debug|x86.Build.0 = Debug|Win32
		{373D67CD-1FE0-4AFA-9071-E35905A0858A}.Release|x64.ActiveCfg = Release|x64
		{373D67CD-1FE0-4AFA-9071-E35905A0858A}.Release|x64.Build.0 = Release|x64
		{373D67CD-1FE0-4AFA-9071-E35905A0858A}.Release|x86.ActiveCfg = Release|Win32
		{373D67CD-1FE0-4AFA-9071-E35905A0858A}.Release|x86.Build.0 = Release|Win32
	EndGlobalSection
	GlobalSection(SolutionProperties) = preSolution
		HideSolutionNode = FALSE
	EndGlobalSection
	GlobalSection(ExtensibilityGlobals) = postSolution
		SolutionGuid = {981736B9-0194-4FD4-801E-03501402A9BE}
	EndGlobalSection
EndGlobal
