
Microsoft Visual Studio Solution File, Format Version 12.00
# Visual Studio Version 17
VisualStudioVersion = 17.5.33516.290
MinimumVisualStudioVersion = 10.0.40219.1
Project("{8BC9CEB8-8B4A-11D0-8D11-00A0C91BC942}") = "PTA6-6单链表阶乘和", "PTA6-6单链表阶乘和.vcxproj", "{219EC6D5-981E-46B4-9550-196F85EE7361}"
EndProject
Global
	GlobalSection(SolutionConfigurationPlatforms) = preSolution
		Debug|x64 = Debug|x64
		Debug|x86 = Debug|x86
		Release|x64 = Release|x64
		Release|x86 = Release|x86
	EndGlobalSection
	GlobalSection(ProjectConfigurationPlatforms) = postSolution
		{219EC6D5-981E-46B4-9550-196F85EE7361}.Debug|x64.ActiveCfg = Debug|x64
		{219EC6D5-981E-46B4-9550-196F85EE7361}.Debug|x64.Build.0 = Debug|x64
		{219EC6D5-981E-46B4-9550-196F85EE7361}.Debug|x86.ActiveCfg = Debug|Win32
		{219EC6D5-981E-46B4-9550-196F85EE7361}.Debug|x86.Build.0 = Debug|Win32
		{219EC6D5-981E-46B4-9550-196F85EE7361}.Release|x64.ActiveCfg = Release|x64
		{219EC6D5-981E-46B4-9550-196F85EE7361}.Release|x64.Build.0 = Release|x64
		{219EC6D5-981E-46B4-9550-196F85EE7361}.Release|x86.ActiveCfg = Release|Win32
		{219EC6D5-981E-46B4-9550-196F85EE7361}.Release|x86.Build.0 = Release|Win32
	EndGlobalSection
	GlobalSection(SolutionProperties) = preSolution
		HideSolutionNode = FALSE
	EndGlobalSection
	GlobalSection(ExtensibilityGlobals) = postSolution
		SolutionGuid = {462DD4DC-4595-4B07-BC75-0DA0C12FECBD}
	EndGlobalSection
EndGlobal
