
Microsoft Visual Studio Solution File, Format Version 12.00
# Visual Studio Version 17
VisualStudioVersion = 17.6.33815.320
MinimumVisualStudioVersion = 10.0.40219.1
Project("{8BC9CEB8-8B4A-11D0-8D11-00A0C91BC942}") = "PTA  L1-039 古风排版", "PTA  L1-039 古风排版.vcxproj", "{B3191CBD-26B1-4C42-B2F6-709131F0472E}"
EndProject
Global
	GlobalSection(SolutionConfigurationPlatforms) = preSolution
		Debug|x64 = Debug|x64
		Debug|x86 = Debug|x86
		Release|x64 = Release|x64
		Release|x86 = Release|x86
	EndGlobalSection
	GlobalSection(ProjectConfigurationPlatforms) = postSolution
		{B3191CBD-26B1-4C42-B2F6-709131F0472E}.Debug|x64.ActiveCfg = Debug|x64
		{B3191CBD-26B1-4C42-B2F6-709131F0472E}.Debug|x64.Build.0 = Debug|x64
		{B3191CBD-26B1-4C42-B2F6-709131F0472E}.Debug|x86.ActiveCfg = Debug|Win32
		{B3191CBD-26B1-4C42-B2F6-709131F0472E}.Debug|x86.Build.0 = Debug|Win32
		{B3191CBD-26B1-4C42-B2F6-709131F0472E}.Release|x64.ActiveCfg = Release|x64
		{B3191CBD-26B1-4C42-B2F6-709131F0472E}.Release|x64.Build.0 = Release|x64
		{B3191CBD-26B1-4C42-B2F6-709131F0472E}.Release|x86.ActiveCfg = Release|Win32
		{B3191CBD-26B1-4C42-B2F6-709131F0472E}.Release|x86.Build.0 = Release|Win32
	EndGlobalSection
	GlobalSection(SolutionProperties) = preSolution
		HideSolutionNode = FALSE
	EndGlobalSection
	GlobalSection(ExtensibilityGlobals) = postSolution
		SolutionGuid = {F787A6B7-F194-42EF-A9EA-9C22C93A6B12}
	EndGlobalSection
EndGlobal
