
Microsoft Visual Studio Solution File, Format Version 12.00
# Visual Studio Version 17
VisualStudioVersion = 17.5.33516.290
MinimumVisualStudioVersion = 10.0.40219.1
Project("{8BC9CEB8-8B4A-11D0-8D11-00A0C91BC942}") = "PTA6-10阶乘计算升级版", "PTA6-10阶乘计算升级版.vcxproj", "{DFDB5E06-A19B-432A-968F-1FE3545F4767}"
EndProject
Global
	GlobalSection(SolutionConfigurationPlatforms) = preSolution
		Debug|x64 = Debug|x64
		Debug|x86 = Debug|x86
		Release|x64 = Release|x64
		Release|x86 = Release|x86
	EndGlobalSection
	GlobalSection(ProjectConfigurationPlatforms) = postSolution
		{DFDB5E06-A19B-432A-968F-1FE3545F4767}.Debug|x64.ActiveCfg = Debug|x64
		{DFDB5E06-A19B-432A-968F-1FE3545F4767}.Debug|x64.Build.0 = Debug|x64
		{DFDB5E06-A19B-432A-968F-1FE3545F4767}.Debug|x86.ActiveCfg = Debug|Win32
		{DFDB5E06-A19B-432A-968F-1FE3545F4767}.Debug|x86.Build.0 = Debug|Win32
		{DFDB5E06-A19B-432A-968F-1FE3545F4767}.Release|x64.ActiveCfg = Release|x64
		{DFDB5E06-A19B-432A-968F-1FE3545F4767}.Release|x64.Build.0 = Release|x64
		{DFDB5E06-A19B-432A-968F-1FE3545F4767}.Release|x86.ActiveCfg = Release|Win32
		{DFDB5E06-A19B-432A-968F-1FE3545F4767}.Release|x86.Build.0 = Release|Win32
	EndGlobalSection
	GlobalSection(SolutionProperties) = preSolution
		HideSolutionNode = FALSE
	EndGlobalSection
	GlobalSection(ExtensibilityGlobals) = postSolution
		SolutionGuid = {1359B28C-E8BE-4992-AC9F-E5B3D50894CA}
	EndGlobalSection
EndGlobal
