
Microsoft Visual Studio Solution File, Format Version 12.00
# Visual Studio Version 17
VisualStudioVersion = 17.4.33213.308
MinimumVisualStudioVersion = 10.0.40219.1
Project("{8BC9CEB8-8B4A-11D0-8D11-00A0C91BC942}") = "N1019字母频率", "N1019字母频率.vcxproj", "{3EA5BEEB-5F3E-42D6-B87C-1C20CEC349CA}"
EndProject
Global
	GlobalSection(SolutionConfigurationPlatforms) = preSolution
		Debug|x64 = Debug|x64
		Debug|x86 = Debug|x86
		Release|x64 = Release|x64
		Release|x86 = Release|x86
	EndGlobalSection
	GlobalSection(ProjectConfigurationPlatforms) = postSolution
		{3EA5BEEB-5F3E-42D6-B87C-1C20CEC349CA}.Debug|x64.ActiveCfg = Debug|x64
		{3EA5BEEB-5F3E-42D6-B87C-1C20CEC349CA}.Debug|x64.Build.0 = Debug|x64
		{3EA5BEEB-5F3E-42D6-B87C-1C20CEC349CA}.Debug|x86.ActiveCfg = Debug|Win32
		{3EA5BEEB-5F3E-42D6-B87C-1C20CEC349CA}.Debug|x86.Build.0 = Debug|Win32
		{3EA5BEEB-5F3E-42D6-B87C-1C20CEC349CA}.Release|x64.ActiveCfg = Release|x64
		{3EA5BEEB-5F3E-42D6-B87C-1C20CEC349CA}.Release|x64.Build.0 = Release|x64
		{3EA5BEEB-5F3E-42D6-B87C-1C20CEC349CA}.Release|x86.ActiveCfg = Release|Win32
		{3EA5BEEB-5F3E-42D6-B87C-1C20CEC349CA}.Release|x86.Build.0 = Release|Win32
	EndGlobalSection
	GlobalSection(SolutionProperties) = preSolution
		HideSolutionNode = FALSE
	EndGlobalSection
	GlobalSection(ExtensibilityGlobals) = postSolution
		SolutionGuid = {2F703AA5-BDAC-434A-8C55-E05940150509}
	EndGlobalSection
EndGlobal
