
Microsoft Visual Studio Solution File, Format Version 12.00
# Visual Studio Version 17
VisualStudioVersion = 17.5.33530.505
MinimumVisualStudioVersion = 10.0.40219.1
Project("{8BC9CEB8-8B4A-11D0-8D11-00A0C91BC942}") = "牛客链表中倒数第k个结点", "牛客链表中倒数第k个结点.vcxproj", "{B84F8E27-095D-42BC-A236-A50259D0527F}"
EndProject
Global
	GlobalSection(SolutionConfigurationPlatforms) = preSolution
		Debug|x64 = Debug|x64
		Debug|x86 = Debug|x86
		Release|x64 = Release|x64
		Release|x86 = Release|x86
	EndGlobalSection
	GlobalSection(ProjectConfigurationPlatforms) = postSolution
		{B84F8E27-095D-42BC-A236-A50259D0527F}.Debug|x64.ActiveCfg = Debug|x64
		{B84F8E27-095D-42BC-A236-A50259D0527F}.Debug|x64.Build.0 = Debug|x64
		{B84F8E27-095D-42BC-A236-A50259D0527F}.Debug|x86.ActiveCfg = Debug|Win32
		{B84F8E27-095D-42BC-A236-A50259D0527F}.Debug|x86.Build.0 = Debug|Win32
		{B84F8E27-095D-42BC-A236-A50259D0527F}.Release|x64.ActiveCfg = Release|x64
		{B84F8E27-095D-42BC-A236-A50259D0527F}.Release|x64.Build.0 = Release|x64
		{B84F8E27-095D-42BC-A236-A50259D0527F}.Release|x86.ActiveCfg = Release|Win32
		{B84F8E27-095D-42BC-A236-A50259D0527F}.Release|x86.Build.0 = Release|Win32
	EndGlobalSection
	GlobalSection(SolutionProperties) = preSolution
		HideSolutionNode = FALSE
	EndGlobalSection
	GlobalSection(ExtensibilityGlobals) = postSolution
		SolutionGuid = {B095F3BA-5FCB-4E71-993E-DFF09374DD54}
	EndGlobalSection
EndGlobal
