
Microsoft Visual Studio Solution File, Format Version 12.00
# Visual Studio Version 17
VisualStudioVersion = 17.6.33723.286
MinimumVisualStudioVersion = 10.0.40219.1
Project("{8BC9CEB8-8B4A-11D0-8D11-00A0C91BC942}") = "PTA L1-030 一帮一", "PTA L1-030 一帮一.vcxproj", "{6B11C187-1745-423B-A9A8-2510F72C3460}"
EndProject
Global
	GlobalSection(SolutionConfigurationPlatforms) = preSolution
		Debug|x64 = Debug|x64
		Debug|x86 = Debug|x86
		Release|x64 = Release|x64
		Release|x86 = Release|x86
	EndGlobalSection
	GlobalSection(ProjectConfigurationPlatforms) = postSolution
		{6B11C187-1745-423B-A9A8-2510F72C3460}.Debug|x64.ActiveCfg = Debug|x64
		{6B11C187-1745-423B-A9A8-2510F72C3460}.Debug|x64.Build.0 = Debug|x64
		{6B11C187-1745-423B-A9A8-2510F72C3460}.Debug|x86.ActiveCfg = Debug|Win32
		{6B11C187-1745-423B-A9A8-2510F72C3460}.Debug|x86.Build.0 = Debug|Win32
		{6B11C187-1745-423B-A9A8-2510F72C3460}.Release|x64.ActiveCfg = Release|x64
		{6B11C187-1745-423B-A9A8-2510F72C3460}.Release|x64.Build.0 = Release|x64
		{6B11C187-1745-423B-A9A8-2510F72C3460}.Release|x86.ActiveCfg = Release|Win32
		{6B11C187-1745-423B-A9A8-2510F72C3460}.Release|x86.Build.0 = Release|Win32
	EndGlobalSection
	GlobalSection(SolutionProperties) = preSolution
		HideSolutionNode = FALSE
	EndGlobalSection
	GlobalSection(ExtensibilityGlobals) = postSolution
		SolutionGuid = {2684DDCA-8D41-4722-9755-D054B1D3D4D1}
	EndGlobalSection
EndGlobal
