
Microsoft Visual Studio Solution File, Format Version 12.00
# Visual Studio Version 17
VisualStudioVersion = 17.6.33829.357
MinimumVisualStudioVersion = 10.0.40219.1
Project("{8BC9CEB8-8B4A-11D0-8D11-00A0C91BC942}") = "PTA L1-041 寻找250", "PTA L1-041 寻找250.vcxproj", "{A88F824C-6A50-4C4E-858B-2D6CEA77FE8E}"
EndProject
Global
	GlobalSection(SolutionConfigurationPlatforms) = preSolution
		Debug|x64 = Debug|x64
		Debug|x86 = Debug|x86
		Release|x64 = Release|x64
		Release|x86 = Release|x86
	EndGlobalSection
	GlobalSection(ProjectConfigurationPlatforms) = postSolution
		{A88F824C-6A50-4C4E-858B-2D6CEA77FE8E}.Debug|x64.ActiveCfg = Debug|x64
		{A88F824C-6A50-4C4E-858B-2D6CEA77FE8E}.Debug|x64.Build.0 = Debug|x64
		{A88F824C-6A50-4C4E-858B-2D6CEA77FE8E}.Debug|x86.ActiveCfg = Debug|Win32
		{A88F824C-6A50-4C4E-858B-2D6CEA77FE8E}.Debug|x86.Build.0 = Debug|Win32
		{A88F824C-6A50-4C4E-858B-2D6CEA77FE8E}.Release|x64.ActiveCfg = Release|x64
		{A88F824C-6A50-4C4E-858B-2D6CEA77FE8E}.Release|x64.Build.0 = Release|x64
		{A88F824C-6A50-4C4E-858B-2D6CEA77FE8E}.Release|x86.ActiveCfg = Release|Win32
		{A88F824C-6A50-4C4E-858B-2D6CEA77FE8E}.Release|x86.Build.0 = Release|Win32
	EndGlobalSection
	GlobalSection(SolutionProperties) = preSolution
		HideSolutionNode = FALSE
	EndGlobalSection
	GlobalSection(ExtensibilityGlobals) = postSolution
		SolutionGuid = {730143EC-CF7E-43C1-A34E-467B2915FD09}
	EndGlobalSection
EndGlobal
