
Microsoft Visual Studio Solution File, Format Version 12.00
# Visual Studio Version 17
VisualStudioVersion = 17.4.33213.308
MinimumVisualStudioVersion = 10.0.40219.1
Project("{8BC9CEB8-8B4A-11D0-8D11-00A0C91BC942}") = "力扣169.多数元素", "力扣169.多数元素.vcxproj", "{45AD793F-25D4-4941-9394-AF166708BE59}"
EndProject
Global
	GlobalSection(SolutionConfigurationPlatforms) = preSolution
		Debug|x64 = Debug|x64
		Debug|x86 = Debug|x86
		Release|x64 = Release|x64
		Release|x86 = Release|x86
	EndGlobalSection
	GlobalSection(ProjectConfigurationPlatforms) = postSolution
		{45AD793F-25D4-4941-9394-AF166708BE59}.Debug|x64.ActiveCfg = Debug|x64
		{45AD793F-25D4-4941-9394-AF166708BE59}.Debug|x64.Build.0 = Debug|x64
		{45AD793F-25D4-4941-9394-AF166708BE59}.Debug|x86.ActiveCfg = Debug|Win32
		{45AD793F-25D4-4941-9394-AF166708BE59}.Debug|x86.Build.0 = Debug|Win32
		{45AD793F-25D4-4941-9394-AF166708BE59}.Release|x64.ActiveCfg = Release|x64
		{45AD793F-25D4-4941-9394-AF166708BE59}.Release|x64.Build.0 = Release|x64
		{45AD793F-25D4-4941-9394-AF166708BE59}.Release|x86.ActiveCfg = Release|Win32
		{45AD793F-25D4-4941-9394-AF166708BE59}.Release|x86.Build.0 = Release|Win32
	EndGlobalSection
	GlobalSection(SolutionProperties) = preSolution
		HideSolutionNode = FALSE
	EndGlobalSection
	GlobalSection(ExtensibilityGlobals) = postSolution
		SolutionGuid = {FE121BD7-B1EF-4A51-AF32-E1B692F6657E}
	EndGlobalSection
EndGlobal
